PODS:
  - Bolts (1.8.1):
    - Bolts/AppLinks (= 1.8.1)
    - Bolts/Tasks (= 1.8.1)
  - Bolts/AppLinks (1.8.1):
    - Bolts/Tasks
  - Bolts/Tasks (1.8.1)
  - FBSDKCoreKit (4.11.0):
    - Bolts (~> 1.7)
  - FBSDKLoginKit (4.11.0):
    - FBSDKCoreKit
  - FBSDKShareKit (4.11.0):
    - FBSDKCoreKit
  - Parse (1.13.0):
    - Bolts/Tasks (~> 1.6)
  - ParseFacebookUtilsV4 (1.11.1):
    - Bolts/Tasks (>= 1.6)
    - FBSDKCoreKit (~> 4.10)
    - FBSDKLoginKit (~> 4.10)
    - FBSDKTVOSKit (~> 4.10)
    - Parse (~> 1.12)

DEPENDENCIES:
  - FBSDKCoreKit (~> 4.11.0)
  - FBSDKLoginKit (~> 4.11.0)
  - FBSDKShareKit (~> 4.11.0)
  - Parse (~> 1.13)
  - ParseFacebookUtilsV4 (~> 1.11.1)

SPEC CHECKSUMS:
  Bolts: 89c0c6dd1b9c975a3452a62d57a6be6739e5f433
  FBSDKCoreKit: 686ac982723a14ec9ddb85e2f81235d7706c891b
  FBSDKLoginKit: bade9fc78277764149ccc5bfaadbf13c83175c6a
  FBSDKShareKit: 2d1746144cfc8a9dbbd24997c34ee0471be51b6a
  Parse: f51c24d2feb412e4b2d6cc73d37cb24e8d0089bc
  ParseFacebookUtilsV4: 2f30c2b7021c8005d3042781da7ef87d06589421

PODFILE CHECKSUM: 94bd0a80badabf3510102b9ca9cae7621a37e2e5

COCOAPODS: 1.0.1
