// !$*UTF8*$!
{
	archiveVersion = 1;
	classes = {
	};
	objectVersion = 46;
	objects = {

/* Begin PBXBuildFile section */
		2FFB26B9F34E6BD67BC9084A /* Pods_PupCareTests.framework in Frameworks */ = {isa = PBXBuildFile; fileRef = 7F9E4A91966F041ECADF5C95 /* Pods_PupCareTests.framework */; };
		39AC64BB1D2C32E400477F05 /* Login.Storyboard in Resources */ = {isa = PBXBuildFile; fileRef = 39AC64BA1D2C32E400477F05 /* Login.Storyboard */; };
		569E4878009CE5DDF43F544E /* Pods_PupCare.framework in Frameworks */ = {isa = PBXBuildFile; fileRef = 97B7C8DEFE036402F3B6C16A /* Pods_PupCare.framework */; };
		7117600B1D3FDDD8002452CA /* iCarousel.m in Sources */ = {isa = PBXBuildFile; fileRef = 7117600A1D3FDDD8002452CA /* iCarousel.m */; };
		711760101D3FED08002452CA /* PromotionDetailsViewController.swift in Sources */ = {isa = PBXBuildFile; fileRef = 7117600F1D3FED08002452CA /* PromotionDetailsViewController.swift */; };
		7118ED3E1D4BD901000CCB1E /* Cart.swift in Sources */ = {isa = PBXBuildFile; fileRef = 7118ED3D1D4BD901000CCB1E /* Cart.swift */; };
		715100761D341129003A6817 /* ParseManager.swift in Sources */ = {isa = PBXBuildFile; fileRef = 715100751D341129003A6817 /* ParseManager.swift */; };
		715100771D341129003A6817 /* ParseManager.swift in Sources */ = {isa = PBXBuildFile; fileRef = 715100751D341129003A6817 /* ParseManager.swift */; };
		717247721D2C1BC600BD694D /* PetShopParseExtension.swift in Sources */ = {isa = PBXBuildFile; fileRef = 717247711D2C1BC600BD694D /* PetShopParseExtension.swift */; };
		71AC43E01D4A7E3F00C9BD31 /* CartViewController.swift in Sources */ = {isa = PBXBuildFile; fileRef = 71AC43DF1D4A7E3F00C9BD31 /* CartViewController.swift */; };
		71AC43E21D4A8A2D00C9BD31 /* CartTableViewCell.swift in Sources */ = {isa = PBXBuildFile; fileRef = 71AC43E11D4A8A2D00C9BD31 /* CartTableViewCell.swift */; };
		71BBC2561D25A89200194861 /* PetShopsTableViewCell.swift in Sources */ = {isa = PBXBuildFile; fileRef = 71BBC2551D25A89200194861 /* PetShopsTableViewCell.swift */; };
		71C1B4441D2EB8A300CDDA20 /* Promotion.swift in Sources */ = {isa = PBXBuildFile; fileRef = 71C1B4431D2EB8A300CDDA20 /* Promotion.swift */; };
		71C1B4461D2EB91300CDDA20 /* PetShopManager.swift in Sources */ = {isa = PBXBuildFile; fileRef = 71C1B4451D2EB91300CDDA20 /* PetShopManager.swift */; };
		71C1B4481D2EC08000CDDA20 /* PromotionParseExtension.swift in Sources */ = {isa = PBXBuildFile; fileRef = 71C1B4471D2EC08000CDDA20 /* PromotionParseExtension.swift */; };
		71C1B44A1D2ECEE700CDDA20 /* PromotionsTableViewCell.swift in Sources */ = {isa = PBXBuildFile; fileRef = 71C1B4491D2ECEE700CDDA20 /* PromotionsTableViewCell.swift */; };
		71C1B44C1D30062000CDDA20 /* PromotionManager.swift in Sources */ = {isa = PBXBuildFile; fileRef = 71C1B44B1D30062000CDDA20 /* PromotionManager.swift */; };
		71D722C81D47EE4800035392 /* Config.swift in Sources */ = {isa = PBXBuildFile; fileRef = 71D722C71D47EE4800035392 /* Config.swift */; };
		71ED9C111D26D42000DA14DA /* PetShop.swift in Sources */ = {isa = PBXBuildFile; fileRef = 71ED9C101D26D42000DA14DA /* PetShop.swift */; };
		7A0050411D383556003B89C3 /* Main.storyboard in Resources */ = {isa = PBXBuildFile; fileRef = A475E30D1D0A9B3A00FB66C3 /* Main.storyboard */; };
		7A04ECB01D356BCA00270189 /* CloudCodeTests.swift in Sources */ = {isa = PBXBuildFile; fileRef = 7A04ECAF1D356BCA00270189 /* CloudCodeTests.swift */; };
		7A37C7B21D37DB6300FBE13F /* Designables.swift in Sources */ = {isa = PBXBuildFile; fileRef = 7A37C7B11D37DB6300FBE13F /* Designables.swift */; };
		7A37C7B41D38261D00FBE13F /* LoginViewController.swift in Sources */ = {isa = PBXBuildFile; fileRef = 7A37C7B31D38261D00FBE13F /* LoginViewController.swift */; };
		7A7036EB1D40117E005FAB68 /* SignInViewController.swift in Sources */ = {isa = PBXBuildFile; fileRef = 7A7036EA1D40117E005FAB68 /* SignInViewController.swift */; };
		7A7036F41D429EF3005FAB68 /* Address.swift in Sources */ = {isa = PBXBuildFile; fileRef = 7A7036F31D429EF3005FAB68 /* Address.swift */; };
		7A7036F81D42A0CA005FAB68 /* AddressParseExtension.swift in Sources */ = {isa = PBXBuildFile; fileRef = 7A7036F71D42A0CA005FAB68 /* AddressParseExtension.swift */; };
		7A7036FA1D4641D4005FAB68 /* AddressManager.swift in Sources */ = {isa = PBXBuildFile; fileRef = 7A7036F91D4641D4005FAB68 /* AddressManager.swift */; };
		7A9E9B8A1D36CE9700AC978C /* SignUpViewController.swift in Sources */ = {isa = PBXBuildFile; fileRef = 7A9E9B891D36CE9700AC978C /* SignUpViewController.swift */; };
		A400B4751D34311100051363 /* Profile.storyboard in Resources */ = {isa = PBXBuildFile; fileRef = A400B4741D34311100051363 /* Profile.storyboard */; };
		A400B4771D34324300051363 /* MyProfileViewController.swift in Sources */ = {isa = PBXBuildFile; fileRef = A400B4761D34324300051363 /* MyProfileViewController.swift */; };
		A40B341B1D2C4C3D00BCC240 /* ProductTableViewController.swift in Sources */ = {isa = PBXBuildFile; fileRef = A40B341A1D2C4C3D00BCC240 /* ProductTableViewController.swift */; };
		A40B341D1D2ED50400BCC240 /* ProductHeaderTableViewCell.swift in Sources */ = {isa = PBXBuildFile; fileRef = A40B341C1D2ED50400BCC240 /* ProductHeaderTableViewCell.swift */; };
		A40B341F1D30270F00BCC240 /* Extensions.swift in Sources */ = {isa = PBXBuildFile; fileRef = A40B341E1D30270F00BCC240 /* Extensions.swift */; };
		A420BBB21D4154D7004F4C1B /* ProductDetail.storyboard in Resources */ = {isa = PBXBuildFile; fileRef = A420BBB11D4154D7004F4C1B /* ProductDetail.storyboard */; };
		A420BBB51D46890E004F4C1B /* Card.swift in Sources */ = {isa = PBXBuildFile; fileRef = A420BBB41D46890E004F4C1B /* Card.swift */; };
		A42331C01D2ACE5400CFF8DA /* ProductParseExtension.swift in Sources */ = {isa = PBXBuildFile; fileRef = A42331BF1D2ACE5400CFF8DA /* ProductParseExtension.swift */; };
		A42751A11D47E29E00B083C6 /* MyProfileCardTableViewCell.swift in Sources */ = {isa = PBXBuildFile; fileRef = A42751A01D47E29E00B083C6 /* MyProfileCardTableViewCell.swift */; };
		A42751A31D47E87500B083C6 /* Card.storyboard in Resources */ = {isa = PBXBuildFile; fileRef = A42751A21D47E87500B083C6 /* Card.storyboard */; };
		A42751A61D47E8BC00B083C6 /* AddCardViewController.swift in Sources */ = {isa = PBXBuildFile; fileRef = A42751A51D47E8BC00B083C6 /* AddCardViewController.swift */; };
		A43C9E8C1D34416300D6D0D8 /* ProductDetailViewController.swift in Sources */ = {isa = PBXBuildFile; fileRef = A43C9E8B1D34416300D6D0D8 /* ProductDetailViewController.swift */; };
		A43C9E901D3513E100D6D0D8 /* MyProfileTableViewCell.swift in Sources */ = {isa = PBXBuildFile; fileRef = A43C9E8F1D3513E100D6D0D8 /* MyProfileTableViewCell.swift */; };
		A43C9E941D3682EB00D6D0D8 /* MyProfileDetailTableViewCell.swift in Sources */ = {isa = PBXBuildFile; fileRef = A43C9E931D3682EB00D6D0D8 /* MyProfileDetailTableViewCell.swift */; };
		A43C9E971D36860100D6D0D8 /* User.swift in Sources */ = {isa = PBXBuildFile; fileRef = A43C9E961D36860100D6D0D8 /* User.swift */; };
		A43C9E991D3688EA00D6D0D8 /* UserManager.swift in Sources */ = {isa = PBXBuildFile; fileRef = A43C9E981D3688EA00D6D0D8 /* UserManager.swift */; };
		A43C9E9B1D3688FA00D6D0D8 /* UserParseExtension.swift in Sources */ = {isa = PBXBuildFile; fileRef = A43C9E9A1D3688FA00D6D0D8 /* UserParseExtension.swift */; };
		A440AF9B1D2AF2EC005B6CBC /* ProductManager.swift in Sources */ = {isa = PBXBuildFile; fileRef = A440AF9A1D2AF2EC005B6CBC /* ProductManager.swift */; };
		A475E3121D0A9B3A00FB66C3 /* PupCare.xcdatamodeld in Sources */ = {isa = PBXBuildFile; fileRef = A475E3101D0A9B3A00FB66C3 /* PupCare.xcdatamodeld */; };
		A475E3141D0A9B3A00FB66C3 /* Assets.xcassets in Resources */ = {isa = PBXBuildFile; fileRef = A475E3131D0A9B3A00FB66C3 /* Assets.xcassets */; };
		A475E3171D0A9B3A00FB66C3 /* LaunchScreen.storyboard in Resources */ = {isa = PBXBuildFile; fileRef = A475E3151D0A9B3A00FB66C3 /* LaunchScreen.storyboard */; };
		A475E3221D0A9B3B00FB66C3 /* PupCareTests.swift in Sources */ = {isa = PBXBuildFile; fileRef = A475E3211D0A9B3B00FB66C3 /* PupCareTests.swift */; };
		A475E32D1D0A9B3B00FB66C3 /* PupCareUITests.swift in Sources */ = {isa = PBXBuildFile; fileRef = A475E32C1D0A9B3B00FB66C3 /* PupCareUITests.swift */; };
		A475E33E1D148FEB00FB66C3 /* Petshops.storyboard in Resources */ = {isa = PBXBuildFile; fileRef = A475E33D1D148FEB00FB66C3 /* Petshops.storyboard */; };
		A475E3401D14902400FB66C3 /* Promotions.storyboard in Resources */ = {isa = PBXBuildFile; fileRef = A475E33F1D14902400FB66C3 /* Promotions.storyboard */; };
		A475E3421D14905200FB66C3 /* Cart.storyboard in Resources */ = {isa = PBXBuildFile; fileRef = A475E3411D14905200FB66C3 /* Cart.storyboard */; };
		A475E3441D14906500FB66C3 /* Orders.storyboard in Resources */ = {isa = PBXBuildFile; fileRef = A475E3431D14906500FB66C3 /* Orders.storyboard */; };
		A475E3461D1490AA00FB66C3 /* AppDelegate.swift in Sources */ = {isa = PBXBuildFile; fileRef = A475E3451D1490AA00FB66C3 /* AppDelegate.swift */; };
		A475E3481D18535000FB66C3 /* InitialViewController.swift in Sources */ = {isa = PBXBuildFile; fileRef = A475E3471D18535000FB66C3 /* InitialViewController.swift */; };
		A475E34A1D18545D00FB66C3 /* PetShopsViewController.swift in Sources */ = {isa = PBXBuildFile; fileRef = A475E3491D18545D00FB66C3 /* PetShopsViewController.swift */; };
		A475E34E1D18548900FB66C3 /* OrdersViewController.swift in Sources */ = {isa = PBXBuildFile; fileRef = A475E34D1D18548900FB66C3 /* OrdersViewController.swift */; };
		A475E3501D1854D800FB66C3 /* PromotionsViewController.swift in Sources */ = {isa = PBXBuildFile; fileRef = A475E34F1D1854D800FB66C3 /* PromotionsViewController.swift */; };
		A475E3521D18569B00FB66C3 /* MainTabViewController.swift in Sources */ = {isa = PBXBuildFile; fileRef = A475E3511D18569B00FB66C3 /* MainTabViewController.swift */; };
		A4869DC91D2595090076EC37 /* Products.storyboard in Resources */ = {isa = PBXBuildFile; fileRef = A4869DC81D2595090076EC37 /* Products.storyboard */; };
		A4869DCD1D2595AB0076EC37 /* ProductTableViewCell.swift in Sources */ = {isa = PBXBuildFile; fileRef = A4869DCC1D2595AB0076EC37 /* ProductTableViewCell.swift */; };
		A4869DCF1D259DB60076EC37 /* Product.swift in Sources */ = {isa = PBXBuildFile; fileRef = A4869DCE1D259DB60076EC37 /* Product.swift */; };
		A49877151D4F7CFC00DD4F02 /* MonthYearPickerView.swift in Sources */ = {isa = PBXBuildFile; fileRef = A49877141D4F7CFC00DD4F02 /* MonthYearPickerView.swift */; };
		A4CAA30C1D5CA9A10053EDEA /* MyProfileAddressTableViewCell.swift in Sources */ = {isa = PBXBuildFile; fileRef = A4CAA30B1D5CA9A10053EDEA /* MyProfileAddressTableViewCell.swift */; };
/* End PBXBuildFile section */

/* Begin PBXContainerItemProxy section */
		A475E31E1D0A9B3B00FB66C3 /* PBXContainerItemProxy */ = {
			isa = PBXContainerItemProxy;
			containerPortal = A475E2FE1D0A9B3A00FB66C3 /* Project object */;
			proxyType = 1;
			remoteGlobalIDString = A475E3051D0A9B3A00FB66C3;
			remoteInfo = PupCare;
		};
		A475E3291D0A9B3B00FB66C3 /* PBXContainerItemProxy */ = {
			isa = PBXContainerItemProxy;
			containerPortal = A475E2FE1D0A9B3A00FB66C3 /* Project object */;
			proxyType = 1;
			remoteGlobalIDString = A475E3051D0A9B3A00FB66C3;
			remoteInfo = PupCare;
		};
/* End PBXContainerItemProxy section */

/* Begin PBXFileReference section */
		0493F2875AEB302E7CCF3B2B /* Pods-PupCare.release.xcconfig */ = {isa = PBXFileReference; includeInIndex = 1; lastKnownFileType = text.xcconfig; name = "Pods-PupCare.release.xcconfig"; path = "Pods/Target Support Files/Pods-PupCare/Pods-PupCare.release.xcconfig"; sourceTree = "<group>"; };
		39AC64BA1D2C32E400477F05 /* Login.Storyboard */ = {isa = PBXFileReference; fileEncoding = 4; lastKnownFileType = file.storyboard; name = Login.Storyboard; path = View/Login.Storyboard; sourceTree = "<group>"; };
		3AB0AC7D08F3CCBE82BDDF13 /* Pods-PupCare.debug.xcconfig */ = {isa = PBXFileReference; includeInIndex = 1; lastKnownFileType = text.xcconfig; name = "Pods-PupCare.debug.xcconfig"; path = "Pods/Target Support Files/Pods-PupCare/Pods-PupCare.debug.xcconfig"; sourceTree = "<group>"; };
		711760091D3FDDD8002452CA /* iCarousel.h */ = {isa = PBXFileReference; fileEncoding = 4; lastKnownFileType = sourcecode.c.h; path = iCarousel.h; sourceTree = "<group>"; };
		7117600A1D3FDDD8002452CA /* iCarousel.m */ = {isa = PBXFileReference; fileEncoding = 4; lastKnownFileType = sourcecode.c.objc; path = iCarousel.m; sourceTree = "<group>"; };
		7117600C1D3FDF17002452CA /* PupCare-Bridging-Header.h */ = {isa = PBXFileReference; fileEncoding = 4; lastKnownFileType = sourcecode.c.h; name = "PupCare-Bridging-Header.h"; path = "Model/PupCare-Bridging-Header.h"; sourceTree = "<group>"; };
		7117600F1D3FED08002452CA /* PromotionDetailsViewController.swift */ = {isa = PBXFileReference; fileEncoding = 4; lastKnownFileType = sourcecode.swift; path = PromotionDetailsViewController.swift; sourceTree = "<group>"; };
		7118ED3D1D4BD901000CCB1E /* Cart.swift */ = {isa = PBXFileReference; fileEncoding = 4; lastKnownFileType = sourcecode.swift; name = Cart.swift; path = Model/Cart.swift; sourceTree = "<group>"; };
		715100751D341129003A6817 /* ParseManager.swift */ = {isa = PBXFileReference; fileEncoding = 4; lastKnownFileType = sourcecode.swift; name = ParseManager.swift; path = Model/ParseManager.swift; sourceTree = "<group>"; };
		717247711D2C1BC600BD694D /* PetShopParseExtension.swift */ = {isa = PBXFileReference; fileEncoding = 4; lastKnownFileType = sourcecode.swift; name = PetShopParseExtension.swift; path = Model/PetShopParseExtension.swift; sourceTree = "<group>"; };
		71AC43DF1D4A7E3F00C9BD31 /* CartViewController.swift */ = {isa = PBXFileReference; fileEncoding = 4; lastKnownFileType = sourcecode.swift; name = CartViewController.swift; path = Controller/CartViewController.swift; sourceTree = "<group>"; };
		71AC43E11D4A8A2D00C9BD31 /* CartTableViewCell.swift */ = {isa = PBXFileReference; fileEncoding = 4; lastKnownFileType = sourcecode.swift; path = CartTableViewCell.swift; sourceTree = "<group>"; };
		71BBC2551D25A89200194861 /* PetShopsTableViewCell.swift */ = {isa = PBXFileReference; fileEncoding = 4; lastKnownFileType = sourcecode.swift; name = PetShopsTableViewCell.swift; path = Controller/PetShopsTableViewCell.swift; sourceTree = "<group>"; };
		71C1B4431D2EB8A300CDDA20 /* Promotion.swift */ = {isa = PBXFileReference; fileEncoding = 4; lastKnownFileType = sourcecode.swift; name = Promotion.swift; path = Model/Promotion.swift; sourceTree = "<group>"; };
		71C1B4451D2EB91300CDDA20 /* PetShopManager.swift */ = {isa = PBXFileReference; fileEncoding = 4; lastKnownFileType = sourcecode.swift; name = PetShopManager.swift; path = Model/PetShopManager.swift; sourceTree = "<group>"; };
		71C1B4471D2EC08000CDDA20 /* PromotionParseExtension.swift */ = {isa = PBXFileReference; fileEncoding = 4; lastKnownFileType = sourcecode.swift; name = PromotionParseExtension.swift; path = Model/PromotionParseExtension.swift; sourceTree = "<group>"; };
		71C1B4491D2ECEE700CDDA20 /* PromotionsTableViewCell.swift */ = {isa = PBXFileReference; fileEncoding = 4; lastKnownFileType = sourcecode.swift; name = PromotionsTableViewCell.swift; path = Controller/PromotionsTableViewCell.swift; sourceTree = "<group>"; };
		71C1B44B1D30062000CDDA20 /* PromotionManager.swift */ = {isa = PBXFileReference; fileEncoding = 4; lastKnownFileType = sourcecode.swift; name = PromotionManager.swift; path = Model/PromotionManager.swift; sourceTree = "<group>"; };
		71D722C71D47EE4800035392 /* Config.swift */ = {isa = PBXFileReference; fileEncoding = 4; lastKnownFileType = sourcecode.swift; name = Config.swift; path = Model/Config.swift; sourceTree = "<group>"; };
		71ED9C101D26D42000DA14DA /* PetShop.swift */ = {isa = PBXFileReference; fileEncoding = 4; lastKnownFileType = sourcecode.swift; name = PetShop.swift; path = Model/PetShop.swift; sourceTree = "<group>"; };
		7A04ECAF1D356BCA00270189 /* CloudCodeTests.swift */ = {isa = PBXFileReference; fileEncoding = 4; lastKnownFileType = sourcecode.swift; path = CloudCodeTests.swift; sourceTree = "<group>"; };
		7A37C7B11D37DB6300FBE13F /* Designables.swift */ = {isa = PBXFileReference; fileEncoding = 4; lastKnownFileType = sourcecode.swift; path = Designables.swift; sourceTree = "<group>"; };
		7A37C7B31D38261D00FBE13F /* LoginViewController.swift */ = {isa = PBXFileReference; fileEncoding = 4; lastKnownFileType = sourcecode.swift; name = LoginViewController.swift; path = Controller/LoginViewController.swift; sourceTree = "<group>"; };
		7A7036EA1D40117E005FAB68 /* SignInViewController.swift */ = {isa = PBXFileReference; fileEncoding = 4; lastKnownFileType = sourcecode.swift; name = SignInViewController.swift; path = Controller/SignInViewController.swift; sourceTree = "<group>"; };
		7A7036F31D429EF3005FAB68 /* Address.swift */ = {isa = PBXFileReference; fileEncoding = 4; lastKnownFileType = sourcecode.swift; name = Address.swift; path = Model/Address.swift; sourceTree = "<group>"; };
		7A7036F71D42A0CA005FAB68 /* AddressParseExtension.swift */ = {isa = PBXFileReference; fileEncoding = 4; lastKnownFileType = sourcecode.swift; path = AddressParseExtension.swift; sourceTree = "<group>"; };
		7A7036F91D4641D4005FAB68 /* AddressManager.swift */ = {isa = PBXFileReference; fileEncoding = 4; lastKnownFileType = sourcecode.swift; name = AddressManager.swift; path = Model/AddressManager.swift; sourceTree = "<group>"; };
		7A9E9B891D36CE9700AC978C /* SignUpViewController.swift */ = {isa = PBXFileReference; lastKnownFileType = sourcecode.swift; name = SignUpViewController.swift; path = Controller/SignUpViewController.swift; sourceTree = "<group>"; };
		7F9E4A91966F041ECADF5C95 /* Pods_PupCareTests.framework */ = {isa = PBXFileReference; explicitFileType = wrapper.framework; includeInIndex = 0; path = Pods_PupCareTests.framework; sourceTree = BUILT_PRODUCTS_DIR; };
		8744664412D2A7E02501B9E5 /* Pods-PupCareTests.debug.xcconfig */ = {isa = PBXFileReference; includeInIndex = 1; lastKnownFileType = text.xcconfig; name = "Pods-PupCareTests.debug.xcconfig"; path = "Pods/Target Support Files/Pods-PupCareTests/Pods-PupCareTests.debug.xcconfig"; sourceTree = "<group>"; };
		97B7C8DEFE036402F3B6C16A /* Pods_PupCare.framework */ = {isa = PBXFileReference; explicitFileType = wrapper.framework; includeInIndex = 0; path = Pods_PupCare.framework; sourceTree = BUILT_PRODUCTS_DIR; };
		A400B4741D34311100051363 /* Profile.storyboard */ = {isa = PBXFileReference; fileEncoding = 4; lastKnownFileType = file.storyboard; name = Profile.storyboard; path = View/Profile.storyboard; sourceTree = "<group>"; };
		A400B4761D34324300051363 /* MyProfileViewController.swift */ = {isa = PBXFileReference; fileEncoding = 4; lastKnownFileType = sourcecode.swift; name = MyProfileViewController.swift; path = Controller/MyProfileViewController.swift; sourceTree = "<group>"; };
		A40B341A1D2C4C3D00BCC240 /* ProductTableViewController.swift */ = {isa = PBXFileReference; fileEncoding = 4; lastKnownFileType = sourcecode.swift; name = ProductTableViewController.swift; path = Controller/ProductTableViewController.swift; sourceTree = "<group>"; };
		A40B341C1D2ED50400BCC240 /* ProductHeaderTableViewCell.swift */ = {isa = PBXFileReference; fileEncoding = 4; lastKnownFileType = sourcecode.swift; name = ProductHeaderTableViewCell.swift; path = Controller/ProductHeaderTableViewCell.swift; sourceTree = "<group>"; };
		A40B341E1D30270F00BCC240 /* Extensions.swift */ = {isa = PBXFileReference; fileEncoding = 4; lastKnownFileType = sourcecode.swift; name = Extensions.swift; path = Model/Extensions.swift; sourceTree = "<group>"; };
		A420BBB11D4154D7004F4C1B /* ProductDetail.storyboard */ = {isa = PBXFileReference; fileEncoding = 4; lastKnownFileType = file.storyboard; name = ProductDetail.storyboard; path = View/ProductDetail.storyboard; sourceTree = "<group>"; };
		A420BBB41D46890E004F4C1B /* Card.swift */ = {isa = PBXFileReference; fileEncoding = 4; lastKnownFileType = sourcecode.swift; name = Card.swift; path = Model/Card.swift; sourceTree = "<group>"; };
		A42331BF1D2ACE5400CFF8DA /* ProductParseExtension.swift */ = {isa = PBXFileReference; fileEncoding = 4; lastKnownFileType = sourcecode.swift; name = ProductParseExtension.swift; path = Model/ProductParseExtension.swift; sourceTree = "<group>"; };
		A42751A01D47E29E00B083C6 /* MyProfileCardTableViewCell.swift */ = {isa = PBXFileReference; fileEncoding = 4; lastKnownFileType = sourcecode.swift; name = MyProfileCardTableViewCell.swift; path = Controller/MyProfileCardTableViewCell.swift; sourceTree = "<group>"; };
		A42751A21D47E87500B083C6 /* Card.storyboard */ = {isa = PBXFileReference; fileEncoding = 4; lastKnownFileType = file.storyboard; name = Card.storyboard; path = View/Card.storyboard; sourceTree = "<group>"; };
		A42751A51D47E8BC00B083C6 /* AddCardViewController.swift */ = {isa = PBXFileReference; fileEncoding = 4; lastKnownFileType = sourcecode.swift; name = AddCardViewController.swift; path = Controller/AddCardViewController.swift; sourceTree = "<group>"; };
		A43C9E8B1D34416300D6D0D8 /* ProductDetailViewController.swift */ = {isa = PBXFileReference; fileEncoding = 4; lastKnownFileType = sourcecode.swift; name = ProductDetailViewController.swift; path = Controller/ProductDetailViewController.swift; sourceTree = "<group>"; };
		A43C9E8F1D3513E100D6D0D8 /* MyProfileTableViewCell.swift */ = {isa = PBXFileReference; fileEncoding = 4; lastKnownFileType = sourcecode.swift; name = MyProfileTableViewCell.swift; path = Controller/MyProfileTableViewCell.swift; sourceTree = "<group>"; };
		A43C9E931D3682EB00D6D0D8 /* MyProfileDetailTableViewCell.swift */ = {isa = PBXFileReference; fileEncoding = 4; lastKnownFileType = sourcecode.swift; name = MyProfileDetailTableViewCell.swift; path = Controller/MyProfileDetailTableViewCell.swift; sourceTree = "<group>"; };
		A43C9E961D36860100D6D0D8 /* User.swift */ = {isa = PBXFileReference; fileEncoding = 4; lastKnownFileType = sourcecode.swift; name = User.swift; path = Model/User.swift; sourceTree = "<group>"; };
		A43C9E981D3688EA00D6D0D8 /* UserManager.swift */ = {isa = PBXFileReference; fileEncoding = 4; lastKnownFileType = sourcecode.swift; name = UserManager.swift; path = Model/UserManager.swift; sourceTree = "<group>"; };
		A43C9E9A1D3688FA00D6D0D8 /* UserParseExtension.swift */ = {isa = PBXFileReference; fileEncoding = 4; lastKnownFileType = sourcecode.swift; name = UserParseExtension.swift; path = Model/UserParseExtension.swift; sourceTree = "<group>"; };
		A440AF9A1D2AF2EC005B6CBC /* ProductManager.swift */ = {isa = PBXFileReference; fileEncoding = 4; lastKnownFileType = sourcecode.swift; name = ProductManager.swift; path = Model/ProductManager.swift; sourceTree = "<group>"; };
		A475E3061D0A9B3A00FB66C3 /* PupCare.app */ = {isa = PBXFileReference; explicitFileType = wrapper.application; includeInIndex = 0; path = PupCare.app; sourceTree = BUILT_PRODUCTS_DIR; };
		A475E30E1D0A9B3A00FB66C3 /* Base */ = {isa = PBXFileReference; lastKnownFileType = file.storyboard; name = Base; path = Base.lproj/Main.storyboard; sourceTree = "<group>"; };
		A475E3111D0A9B3A00FB66C3 /* PupCare.xcdatamodel */ = {isa = PBXFileReference; lastKnownFileType = wrapper.xcdatamodel; path = PupCare.xcdatamodel; sourceTree = "<group>"; };
		A475E3131D0A9B3A00FB66C3 /* Assets.xcassets */ = {isa = PBXFileReference; lastKnownFileType = folder.assetcatalog; path = Assets.xcassets; sourceTree = "<group>"; };
		A475E3161D0A9B3A00FB66C3 /* Base */ = {isa = PBXFileReference; lastKnownFileType = file.storyboard; name = Base; path = Base.lproj/LaunchScreen.storyboard; sourceTree = "<group>"; };
		A475E3181D0A9B3A00FB66C3 /* Info.plist */ = {isa = PBXFileReference; lastKnownFileType = text.plist.xml; path = Info.plist; sourceTree = "<group>"; };
		A475E31D1D0A9B3B00FB66C3 /* PupCareTests.xctest */ = {isa = PBXFileReference; explicitFileType = wrapper.cfbundle; includeInIndex = 0; path = PupCareTests.xctest; sourceTree = BUILT_PRODUCTS_DIR; };
		A475E3211D0A9B3B00FB66C3 /* PupCareTests.swift */ = {isa = PBXFileReference; lastKnownFileType = sourcecode.swift; path = PupCareTests.swift; sourceTree = "<group>"; };
		A475E3231D0A9B3B00FB66C3 /* Info.plist */ = {isa = PBXFileReference; lastKnownFileType = text.plist.xml; path = Info.plist; sourceTree = "<group>"; };
		A475E3281D0A9B3B00FB66C3 /* PupCareUITests.xctest */ = {isa = PBXFileReference; explicitFileType = wrapper.cfbundle; includeInIndex = 0; path = PupCareUITests.xctest; sourceTree = BUILT_PRODUCTS_DIR; };
		A475E32C1D0A9B3B00FB66C3 /* PupCareUITests.swift */ = {isa = PBXFileReference; lastKnownFileType = sourcecode.swift; path = PupCareUITests.swift; sourceTree = "<group>"; };
		A475E32E1D0A9B3B00FB66C3 /* Info.plist */ = {isa = PBXFileReference; lastKnownFileType = text.plist.xml; path = Info.plist; sourceTree = "<group>"; };
		A475E33D1D148FEB00FB66C3 /* Petshops.storyboard */ = {isa = PBXFileReference; fileEncoding = 4; lastKnownFileType = file.storyboard; name = Petshops.storyboard; path = View/Petshops.storyboard; sourceTree = "<group>"; };
		A475E33F1D14902400FB66C3 /* Promotions.storyboard */ = {isa = PBXFileReference; fileEncoding = 4; lastKnownFileType = file.storyboard; name = Promotions.storyboard; path = View/Promotions.storyboard; sourceTree = "<group>"; };
		A475E3411D14905200FB66C3 /* Cart.storyboard */ = {isa = PBXFileReference; fileEncoding = 4; lastKnownFileType = file.storyboard; name = Cart.storyboard; path = View/Cart.storyboard; sourceTree = "<group>"; };
		A475E3431D14906500FB66C3 /* Orders.storyboard */ = {isa = PBXFileReference; fileEncoding = 4; lastKnownFileType = file.storyboard; name = Orders.storyboard; path = View/Orders.storyboard; sourceTree = "<group>"; };
		A475E3451D1490AA00FB66C3 /* AppDelegate.swift */ = {isa = PBXFileReference; fileEncoding = 4; lastKnownFileType = sourcecode.swift; name = AppDelegate.swift; path = Controller/AppDelegate.swift; sourceTree = "<group>"; };
		A475E3471D18535000FB66C3 /* InitialViewController.swift */ = {isa = PBXFileReference; fileEncoding = 4; lastKnownFileType = sourcecode.swift; name = InitialViewController.swift; path = Controller/InitialViewController.swift; sourceTree = "<group>"; };
		A475E3491D18545D00FB66C3 /* PetShopsViewController.swift */ = {isa = PBXFileReference; fileEncoding = 4; lastKnownFileType = sourcecode.swift; name = PetShopsViewController.swift; path = Controller/PetShopsViewController.swift; sourceTree = "<group>"; };
		A475E34D1D18548900FB66C3 /* OrdersViewController.swift */ = {isa = PBXFileReference; fileEncoding = 4; lastKnownFileType = sourcecode.swift; name = OrdersViewController.swift; path = Controller/OrdersViewController.swift; sourceTree = "<group>"; };
		A475E34F1D1854D800FB66C3 /* PromotionsViewController.swift */ = {isa = PBXFileReference; fileEncoding = 4; lastKnownFileType = sourcecode.swift; name = PromotionsViewController.swift; path = Controller/PromotionsViewController.swift; sourceTree = "<group>"; };
		A475E3511D18569B00FB66C3 /* MainTabViewController.swift */ = {isa = PBXFileReference; fileEncoding = 4; lastKnownFileType = sourcecode.swift; name = MainTabViewController.swift; path = Controller/MainTabViewController.swift; sourceTree = "<group>"; };
		A4869DC81D2595090076EC37 /* Products.storyboard */ = {isa = PBXFileReference; fileEncoding = 4; lastKnownFileType = file.storyboard; name = Products.storyboard; path = View/Products.storyboard; sourceTree = "<group>"; };
		A4869DCC1D2595AB0076EC37 /* ProductTableViewCell.swift */ = {isa = PBXFileReference; fileEncoding = 4; lastKnownFileType = sourcecode.swift; name = ProductTableViewCell.swift; path = Controller/ProductTableViewCell.swift; sourceTree = "<group>"; };
		A4869DCE1D259DB60076EC37 /* Product.swift */ = {isa = PBXFileReference; fileEncoding = 4; lastKnownFileType = sourcecode.swift; name = Product.swift; path = Model/Product.swift; sourceTree = "<group>"; };
		A49877141D4F7CFC00DD4F02 /* MonthYearPickerView.swift */ = {isa = PBXFileReference; fileEncoding = 4; lastKnownFileType = sourcecode.swift; name = MonthYearPickerView.swift; path = Model/MonthYearPickerView.swift; sourceTree = "<group>"; };
		A4CAA30B1D5CA9A10053EDEA /* MyProfileAddressTableViewCell.swift */ = {isa = PBXFileReference; fileEncoding = 4; lastKnownFileType = sourcecode.swift; name = MyProfileAddressTableViewCell.swift; path = Controller/MyProfileAddressTableViewCell.swift; sourceTree = "<group>"; };
		DDD843DED49D52DA47654117 /* Pods-PupCareTests.release.xcconfig */ = {isa = PBXFileReference; includeInIndex = 1; lastKnownFileType = text.xcconfig; name = "Pods-PupCareTests.release.xcconfig"; path = "Pods/Target Support Files/Pods-PupCareTests/Pods-PupCareTests.release.xcconfig"; sourceTree = "<group>"; };
/* End PBXFileReference section */

/* Begin PBXFrameworksBuildPhase section */
		A475E3031D0A9B3A00FB66C3 /* Frameworks */ = {
			isa = PBXFrameworksBuildPhase;
			buildActionMask = 2147483647;
			files = (
				569E4878009CE5DDF43F544E /* Pods_PupCare.framework in Frameworks */,
			);
			runOnlyForDeploymentPostprocessing = 0;
		};
		A475E31A1D0A9B3B00FB66C3 /* Frameworks */ = {
			isa = PBXFrameworksBuildPhase;
			buildActionMask = 2147483647;
			files = (
				2FFB26B9F34E6BD67BC9084A /* Pods_PupCareTests.framework in Frameworks */,
			);
			runOnlyForDeploymentPostprocessing = 0;
		};
		A475E3251D0A9B3B00FB66C3 /* Frameworks */ = {
			isa = PBXFrameworksBuildPhase;
			buildActionMask = 2147483647;
			files = (
			);
			runOnlyForDeploymentPostprocessing = 0;
		};
/* End PBXFrameworksBuildPhase section */

/* Begin PBXGroup section */
		711760081D3FDDD8002452CA /* iCarousel */ = {
			isa = PBXGroup;
			children = (
				711760091D3FDDD8002452CA /* iCarousel.h */,
				7117600A1D3FDDD8002452CA /* iCarousel.m */,
			);
			path = iCarousel;
			sourceTree = "<group>";
		};
		7118ED3C1D4BD8E0000CCB1E /* Cart */ = {
			isa = PBXGroup;
			children = (
				7118ED3D1D4BD901000CCB1E /* Cart.swift */,
			);
			name = Cart;
			sourceTree = "<group>";
		};
		71AC43DE1D4A7DED00C9BD31 /* Cart */ = {
			isa = PBXGroup;
			children = (
				71AC43E11D4A8A2D00C9BD31 /* CartTableViewCell.swift */,
				71AC43DF1D4A7E3F00C9BD31 /* CartViewController.swift */,
			);
			name = Cart;
			sourceTree = "<group>";
		};
		7A31925E1D34012F004096A0 /* PetShop */ = {
			isa = PBXGroup;
			children = (
				71ED9C101D26D42000DA14DA /* PetShop.swift */,
				71C1B4451D2EB91300CDDA20 /* PetShopManager.swift */,
				717247711D2C1BC600BD694D /* PetShopParseExtension.swift */,
			);
			name = PetShop;
			sourceTree = "<group>";
		};
		7A31925F1D340139004096A0 /* Product */ = {
			isa = PBXGroup;
			children = (
				A4869DCE1D259DB60076EC37 /* Product.swift */,
				A440AF9A1D2AF2EC005B6CBC /* ProductManager.swift */,
				A42331BF1D2ACE5400CFF8DA /* ProductParseExtension.swift */,
			);
			name = Product;
			sourceTree = "<group>";
		};
		7A3192601D34013F004096A0 /* Promotion */ = {
			isa = PBXGroup;
			children = (
				71C1B4431D2EB8A300CDDA20 /* Promotion.swift */,
				71C1B44B1D30062000CDDA20 /* PromotionManager.swift */,
				71C1B4471D2EC08000CDDA20 /* PromotionParseExtension.swift */,
			);
			name = Promotion;
			sourceTree = "<group>";
		};
		7A7036EC1D413062005FAB68 /* Product */ = {
			isa = PBXGroup;
			children = (
				A43C9E8B1D34416300D6D0D8 /* ProductDetailViewController.swift */,
				A40B341C1D2ED50400BCC240 /* ProductHeaderTableViewCell.swift */,
				A4869DCC1D2595AB0076EC37 /* ProductTableViewCell.swift */,
				A40B341A1D2C4C3D00BCC240 /* ProductTableViewController.swift */,
			);
			name = Product;
			sourceTree = "<group>";
		};
		7A7036ED1D41306A005FAB68 /* PetShop */ = {
			isa = PBXGroup;
			children = (
				71BBC2551D25A89200194861 /* PetShopsTableViewCell.swift */,
				A475E3491D18545D00FB66C3 /* PetShopsViewController.swift */,
			);
			name = PetShop;
			sourceTree = "<group>";
		};
		7A7036EE1D413072005FAB68 /* Login */ = {
			isa = PBXGroup;
			children = (
				7A37C7B31D38261D00FBE13F /* LoginViewController.swift */,
				7A7036EA1D40117E005FAB68 /* SignInViewController.swift */,
				7A9E9B891D36CE9700AC978C /* SignUpViewController.swift */,
			);
			name = Login;
			sourceTree = "<group>";
		};
		7A7036EF1D413080005FAB68 /* Promotion */ = {
			isa = PBXGroup;
			children = (
				71C1B4491D2ECEE700CDDA20 /* PromotionsTableViewCell.swift */,
				A475E34F1D1854D800FB66C3 /* PromotionsViewController.swift */,
				7117600F1D3FED08002452CA /* PromotionDetailsViewController.swift */,
			);
			name = Promotion;
			sourceTree = "<group>";
		};
		7A7036F01D41308C005FAB68 /* Order */ = {
			isa = PBXGroup;
			children = (
				A475E34D1D18548900FB66C3 /* OrdersViewController.swift */,
			);
			name = Order;
			sourceTree = "<group>";
		};
		7A7036F11D4130AA005FAB68 /* Profile */ = {
			isa = PBXGroup;
			children = (
				A43C9E931D3682EB00D6D0D8 /* MyProfileDetailTableViewCell.swift */,
				A43C9E8F1D3513E100D6D0D8 /* MyProfileTableViewCell.swift */,
				A400B4761D34324300051363 /* MyProfileViewController.swift */,
				A42751A01D47E29E00B083C6 /* MyProfileCardTableViewCell.swift */,
				A4CAA30B1D5CA9A10053EDEA /* MyProfileAddressTableViewCell.swift */,
			);
			name = Profile;
			sourceTree = "<group>";
		};
		7A7036F21D429ED6005FAB68 /* Address */ = {
			isa = PBXGroup;
			children = (
				7A7036F31D429EF3005FAB68 /* Address.swift */,
				7A7036F91D4641D4005FAB68 /* AddressManager.swift */,
				7A7036F71D42A0CA005FAB68 /* AddressParseExtension.swift */,
			);
			name = Address;
			sourceTree = "<group>";
		};
		A420BBB31D4688D0004F4C1B /* Card */ = {
			isa = PBXGroup;
			children = (
				A420BBB41D46890E004F4C1B /* Card.swift */,
			);
			name = Card;
			sourceTree = "<group>";
		};
		A42751A41D47E89A00B083C6 /* Card */ = {
			isa = PBXGroup;
			children = (
				A42751A51D47E8BC00B083C6 /* AddCardViewController.swift */,
			);
			name = Card;
			sourceTree = "<group>";
		};
		A43C9E951D3685EA00D6D0D8 /* User */ = {
			isa = PBXGroup;
			children = (
				A43C9E961D36860100D6D0D8 /* User.swift */,
				A43C9E981D3688EA00D6D0D8 /* UserManager.swift */,
				A43C9E9A1D3688FA00D6D0D8 /* UserParseExtension.swift */,
			);
			name = User;
			sourceTree = "<group>";
		};
		A475E2FD1D0A9B3A00FB66C3 = {
			isa = PBXGroup;
			children = (
				A475E3081D0A9B3A00FB66C3 /* PupCare */,
				A475E3201D0A9B3B00FB66C3 /* PupCareTests */,
				A475E32B1D0A9B3B00FB66C3 /* PupCareUITests */,
				A475E3071D0A9B3A00FB66C3 /* Products */,
				C9936620C906765E7A645C8D /* Pods */,
				D329FF60092A948C369EA991 /* Frameworks */,
			);
			sourceTree = "<group>";
		};
		A475E3071D0A9B3A00FB66C3 /* Products */ = {
			isa = PBXGroup;
			children = (
				A475E3061D0A9B3A00FB66C3 /* PupCare.app */,
				A475E31D1D0A9B3B00FB66C3 /* PupCareTests.xctest */,
				A475E3281D0A9B3B00FB66C3 /* PupCareUITests.xctest */,
			);
			name = Products;
			sourceTree = "<group>";
		};
		A475E3081D0A9B3A00FB66C3 /* PupCare */ = {
			isa = PBXGroup;
			children = (
				A475E33C1D148F2600FB66C3 /* Controller */,
				A475E33B1D148F1F00FB66C3 /* View */,
				A475E33A1D148F1600FB66C3 /* Model */,
				A475E3131D0A9B3A00FB66C3 /* Assets.xcassets */,
				A475E3181D0A9B3A00FB66C3 /* Info.plist */,
				A475E3101D0A9B3A00FB66C3 /* PupCare.xcdatamodeld */,
			);
			path = PupCare;
			sourceTree = "<group>";
		};
		A475E3201D0A9B3B00FB66C3 /* PupCareTests */ = {
			isa = PBXGroup;
			children = (
				A475E3211D0A9B3B00FB66C3 /* PupCareTests.swift */,
				7A04ECAF1D356BCA00270189 /* CloudCodeTests.swift */,
				A475E3231D0A9B3B00FB66C3 /* Info.plist */,
			);
			path = PupCareTests;
			sourceTree = "<group>";
		};
		A475E32B1D0A9B3B00FB66C3 /* PupCareUITests */ = {
			isa = PBXGroup;
			children = (
				A475E32C1D0A9B3B00FB66C3 /* PupCareUITests.swift */,
				A475E32E1D0A9B3B00FB66C3 /* Info.plist */,
			);
			path = PupCareUITests;
			sourceTree = "<group>";
		};
		A475E33A1D148F1600FB66C3 /* Model */ = {
			isa = PBXGroup;
			children = (
				A420BBB31D4688D0004F4C1B /* Card */,
				7A37C7B11D37DB6300FBE13F /* Designables.swift */,
				A40B341E1D30270F00BCC240 /* Extensions.swift */,
				715100751D341129003A6817 /* ParseManager.swift */,
				71D722C71D47EE4800035392 /* Config.swift */,
				7118ED3C1D4BD8E0000CCB1E /* Cart */,
				7A7036F21D429ED6005FAB68 /* Address */,
				7A31925E1D34012F004096A0 /* PetShop */,
				7A31925F1D340139004096A0 /* Product */,
				7A3192601D34013F004096A0 /* Promotion */,
				7117600C1D3FDF17002452CA /* PupCare-Bridging-Header.h */,
				A43C9E951D3685EA00D6D0D8 /* User */,
				A49877141D4F7CFC00DD4F02 /* MonthYearPickerView.swift */,
			);
			name = Model;
			sourceTree = "<group>";
		};
		A475E33B1D148F1F00FB66C3 /* View */ = {
			isa = PBXGroup;
			children = (
				A475E3411D14905200FB66C3 /* Cart.storyboard */,
				A475E3151D0A9B3A00FB66C3 /* LaunchScreen.storyboard */,
				A475E30D1D0A9B3A00FB66C3 /* Main.storyboard */,
				A475E3431D14906500FB66C3 /* Orders.storyboard */,
				A475E33D1D148FEB00FB66C3 /* Petshops.storyboard */,
				A4869DC81D2595090076EC37 /* Products.storyboard */,
				A400B4741D34311100051363 /* Profile.storyboard */,
				A475E33F1D14902400FB66C3 /* Promotions.storyboard */,
				39AC64BA1D2C32E400477F05 /* Login.Storyboard */,
				A420BBB11D4154D7004F4C1B /* ProductDetail.storyboard */,
				A42751A21D47E87500B083C6 /* Card.storyboard */,
			);
			name = View;
			sourceTree = "<group>";
		};
		A475E33C1D148F2600FB66C3 /* Controller */ = {
			isa = PBXGroup;
			children = (
				A475E3451D1490AA00FB66C3 /* AppDelegate.swift */,
				A475E3471D18535000FB66C3 /* InitialViewController.swift */,
				71AC43DE1D4A7DED00C9BD31 /* Cart */,
				A475E3511D18569B00FB66C3 /* MainTabViewController.swift */,
				A42751A41D47E89A00B083C6 /* Card */,
				7A7036EE1D413072005FAB68 /* Login */,
				7A7036F01D41308C005FAB68 /* Order */,
				7A7036ED1D41306A005FAB68 /* PetShop */,
				7A7036EC1D413062005FAB68 /* Product */,
				7A7036F11D4130AA005FAB68 /* Profile */,
				7A7036EF1D413080005FAB68 /* Promotion */,
			);
			name = Controller;
			sourceTree = "<group>";
		};
		C9936620C906765E7A645C8D /* Pods */ = {
			isa = PBXGroup;
			children = (
				3AB0AC7D08F3CCBE82BDDF13 /* Pods-PupCare.debug.xcconfig */,
				0493F2875AEB302E7CCF3B2B /* Pods-PupCare.release.xcconfig */,
				8744664412D2A7E02501B9E5 /* Pods-PupCareTests.debug.xcconfig */,
				DDD843DED49D52DA47654117 /* Pods-PupCareTests.release.xcconfig */,
			);
			name = Pods;
			sourceTree = "<group>";
		};
		D329FF60092A948C369EA991 /* Frameworks */ = {
			isa = PBXGroup;
			children = (
				711760081D3FDDD8002452CA /* iCarousel */,
				97B7C8DEFE036402F3B6C16A /* Pods_PupCare.framework */,
				7F9E4A91966F041ECADF5C95 /* Pods_PupCareTests.framework */,
			);
			name = Frameworks;
			sourceTree = "<group>";
		};
/* End PBXGroup section */

/* Begin PBXNativeTarget section */
		A475E3051D0A9B3A00FB66C3 /* PupCare */ = {
			isa = PBXNativeTarget;
			buildConfigurationList = A475E3311D0A9B3B00FB66C3 /* Build configuration list for PBXNativeTarget "PupCare" */;
			buildPhases = (
				4F5E67E3554E5E14D34C3903 /* 📦 Check Pods Manifest.lock */,
				0CB42F44DFD31EEF33C26145 /* [CP] Check Pods Manifest.lock */,
				6FD4D5EEE2C1A8F7C954863A /* [CP] Check Pods Manifest.lock */,
				143C9771FE2112750DE29E44 /* [CP] Check Pods Manifest.lock */,
				FAB16126395BA0690BB2B701 /* [CP] Check Pods Manifest.lock */,
				3F249DE335038DD01C322263 /* [CP] Check Pods Manifest.lock */,
				E55CB90DA334C769AB2F41A3 /* [CP] Check Pods Manifest.lock */,
				A475E3021D0A9B3A00FB66C3 /* Sources */,
				A475E3031D0A9B3A00FB66C3 /* Frameworks */,
				A475E3041D0A9B3A00FB66C3 /* Resources */,
				3D74F531D03640DADC7B5BA2 /* [CP] Embed Pods Frameworks */,
				AAA1E56ADF62DB5312F41510 /* [CP] Copy Pods Resources */,
				35699D18B5E1C0334D27EF7D /* 📦 Embed Pods Frameworks */,
				4B94C060601FB9767DD79E2A /* 📦 Copy Pods Resources */,
			);
			buildRules = (
			);
			dependencies = (
			);
			name = PupCare;
			productName = PupCare;
			productReference = A475E3061D0A9B3A00FB66C3 /* PupCare.app */;
			productType = "com.apple.product-type.application";
		};
		A475E31C1D0A9B3B00FB66C3 /* PupCareTests */ = {
			isa = PBXNativeTarget;
			buildConfigurationList = A475E3341D0A9B3B00FB66C3 /* Build configuration list for PBXNativeTarget "PupCareTests" */;
			buildPhases = (
				78739C84F840103B85F61317 /* 📦 Check Pods Manifest.lock */,
				01D566CC89C08DA6B5712182 /* [CP] Check Pods Manifest.lock */,
				EF1AA9539EC77E2CBF7FE417 /* [CP] Check Pods Manifest.lock */,
				9A84CD40ABCB224A98244A91 /* [CP] Check Pods Manifest.lock */,
				73B83D64EABFE2ED0EC21EE4 /* [CP] Check Pods Manifest.lock */,
				A475E3191D0A9B3B00FB66C3 /* Sources */,
				A475E31A1D0A9B3B00FB66C3 /* Frameworks */,
				A475E31B1D0A9B3B00FB66C3 /* Resources */,
				4D7AE4B83FFB1BFCD396E950 /* [CP] Embed Pods Frameworks */,
				D58843189FCD4F578EB08070 /* [CP] Copy Pods Resources */,
				6B2E87756D21FC8401E93068 /* 📦 Embed Pods Frameworks */,
				A969FF7230CFACE32F078662 /* 📦 Copy Pods Resources */,
			);
			buildRules = (
			);
			dependencies = (
				A475E31F1D0A9B3B00FB66C3 /* PBXTargetDependency */,
			);
			name = PupCareTests;
			productName = PupCareTests;
			productReference = A475E31D1D0A9B3B00FB66C3 /* PupCareTests.xctest */;
			productType = "com.apple.product-type.bundle.unit-test";
		};
		A475E3271D0A9B3B00FB66C3 /* PupCareUITests */ = {
			isa = PBXNativeTarget;
			buildConfigurationList = A475E3371D0A9B3B00FB66C3 /* Build configuration list for PBXNativeTarget "PupCareUITests" */;
			buildPhases = (
				A475E3241D0A9B3B00FB66C3 /* Sources */,
				A475E3251D0A9B3B00FB66C3 /* Frameworks */,
				A475E3261D0A9B3B00FB66C3 /* Resources */,
			);
			buildRules = (
			);
			dependencies = (
				A475E32A1D0A9B3B00FB66C3 /* PBXTargetDependency */,
			);
			name = PupCareUITests;
			productName = PupCareUITests;
			productReference = A475E3281D0A9B3B00FB66C3 /* PupCareUITests.xctest */;
			productType = "com.apple.product-type.bundle.ui-testing";
		};
/* End PBXNativeTarget section */

/* Begin PBXProject section */
		A475E2FE1D0A9B3A00FB66C3 /* Project object */ = {
			isa = PBXProject;
			attributes = {
				LastSwiftUpdateCheck = 0730;
				LastUpgradeCheck = 0730;
				ORGANIZATIONNAME = PupCare;
				TargetAttributes = {
					A475E3051D0A9B3A00FB66C3 = {
						CreatedOnToolsVersion = 7.3;
					};
					A475E31C1D0A9B3B00FB66C3 = {
						CreatedOnToolsVersion = 7.3;
						TestTargetID = A475E3051D0A9B3A00FB66C3;
					};
					A475E3271D0A9B3B00FB66C3 = {
						CreatedOnToolsVersion = 7.3;
						TestTargetID = A475E3051D0A9B3A00FB66C3;
					};
				};
			};
			buildConfigurationList = A475E3011D0A9B3A00FB66C3 /* Build configuration list for PBXProject "PupCare" */;
			compatibilityVersion = "Xcode 3.2";
			developmentRegion = English;
			hasScannedForEncodings = 0;
			knownRegions = (
				en,
				Base,
			);
			mainGroup = A475E2FD1D0A9B3A00FB66C3;
			productRefGroup = A475E3071D0A9B3A00FB66C3 /* Products */;
			projectDirPath = "";
			projectRoot = "";
			targets = (
				A475E3051D0A9B3A00FB66C3 /* PupCare */,
				A475E31C1D0A9B3B00FB66C3 /* PupCareTests */,
				A475E3271D0A9B3B00FB66C3 /* PupCareUITests */,
			);
		};
/* End PBXProject section */

/* Begin PBXResourcesBuildPhase section */
		A475E3041D0A9B3A00FB66C3 /* Resources */ = {
			isa = PBXResourcesBuildPhase;
			buildActionMask = 2147483647;
			files = (
				7A0050411D383556003B89C3 /* Main.storyboard in Resources */,
				A475E3171D0A9B3A00FB66C3 /* LaunchScreen.storyboard in Resources */,
				A475E3141D0A9B3A00FB66C3 /* Assets.xcassets in Resources */,
				A475E3401D14902400FB66C3 /* Promotions.storyboard in Resources */,
				A475E3441D14906500FB66C3 /* Orders.storyboard in Resources */,
				A475E3421D14905200FB66C3 /* Cart.storyboard in Resources */,
				A420BBB21D4154D7004F4C1B /* ProductDetail.storyboard in Resources */,
				A400B4751D34311100051363 /* Profile.storyboard in Resources */,
				A42751A31D47E87500B083C6 /* Card.storyboard in Resources */,
				A4869DC91D2595090076EC37 /* Products.storyboard in Resources */,
				A475E33E1D148FEB00FB66C3 /* Petshops.storyboard in Resources */,
				39AC64BB1D2C32E400477F05 /* Login.Storyboard in Resources */,
			);
			runOnlyForDeploymentPostprocessing = 0;
		};
		A475E31B1D0A9B3B00FB66C3 /* Resources */ = {
			isa = PBXResourcesBuildPhase;
			buildActionMask = 2147483647;
			files = (
			);
			runOnlyForDeploymentPostprocessing = 0;
		};
		A475E3261D0A9B3B00FB66C3 /* Resources */ = {
			isa = PBXResourcesBuildPhase;
			buildActionMask = 2147483647;
			files = (
			);
			runOnlyForDeploymentPostprocessing = 0;
		};
/* End PBXResourcesBuildPhase section */

/* Begin PBXShellScriptBuildPhase section */
		01D566CC89C08DA6B5712182 /* [CP] Check Pods Manifest.lock */ = {
			isa = PBXShellScriptBuildPhase;
			buildActionMask = 2147483647;
			files = (
			);
			inputPaths = (
			);
			name = "[CP] Check Pods Manifest.lock";
			outputPaths = (
			);
			runOnlyForDeploymentPostprocessing = 0;
			shellPath = /bin/sh;
			shellScript = "diff \"${PODS_ROOT}/../Podfile.lock\" \"${PODS_ROOT}/Manifest.lock\" > /dev/null\nif [[ $? != 0 ]] ; then\n    cat << EOM\nerror: The sandbox is not in sync with the Podfile.lock. Run 'pod install' or update your CocoaPods installation.\nEOM\n    exit 1\nfi\n";
			showEnvVarsInLog = 0;
		};
		0CB42F44DFD31EEF33C26145 /* [CP] Check Pods Manifest.lock */ = {
			isa = PBXShellScriptBuildPhase;
			buildActionMask = 2147483647;
			files = (
			);
			inputPaths = (
			);
			name = "[CP] Check Pods Manifest.lock";
			outputPaths = (
			);
			runOnlyForDeploymentPostprocessing = 0;
			shellPath = /bin/sh;
			shellScript = "diff \"${PODS_ROOT}/../Podfile.lock\" \"${PODS_ROOT}/Manifest.lock\" > /dev/null\nif [[ $? != 0 ]] ; then\n    cat << EOM\nerror: The sandbox is not in sync with the Podfile.lock. Run 'pod install' or update your CocoaPods installation.\nEOM\n    exit 1\nfi\n";
			showEnvVarsInLog = 0;
		};
		143C9771FE2112750DE29E44 /* [CP] Check Pods Manifest.lock */ = {
			isa = PBXShellScriptBuildPhase;
			buildActionMask = 2147483647;
			files = (
			);
			inputPaths = (
			);
			name = "[CP] Check Pods Manifest.lock";
			outputPaths = (
			);
			runOnlyForDeploymentPostprocessing = 0;
			shellPath = /bin/sh;
			shellScript = "diff \"${PODS_ROOT}/../Podfile.lock\" \"${PODS_ROOT}/Manifest.lock\" > /dev/null\nif [[ $? != 0 ]] ; then\n    cat << EOM\nerror: The sandbox is not in sync with the Podfile.lock. Run 'pod install' or update your CocoaPods installation.\nEOM\n    exit 1\nfi\n";
			showEnvVarsInLog = 0;
		};
		35699D18B5E1C0334D27EF7D /* 📦 Embed Pods Frameworks */ = {
			isa = PBXShellScriptBuildPhase;
			buildActionMask = 2147483647;
			files = (
			);
			inputPaths = (
			);
			name = "📦 Embed Pods Frameworks";
			outputPaths = (
			);
			runOnlyForDeploymentPostprocessing = 0;
			shellPath = /bin/sh;
			shellScript = "\"${SRCROOT}/Pods/Target Support Files/Pods-PupCare/Pods-PupCare-frameworks.sh\"\n";
			showEnvVarsInLog = 0;
		};
		3D74F531D03640DADC7B5BA2 /* [CP] Embed Pods Frameworks */ = {
			isa = PBXShellScriptBuildPhase;
			buildActionMask = 2147483647;
			files = (
			);
			inputPaths = (
			);
			name = "[CP] Embed Pods Frameworks";
			outputPaths = (
			);
			runOnlyForDeploymentPostprocessing = 0;
			shellPath = /bin/sh;
			shellScript = "\"${SRCROOT}/Pods/Target Support Files/Pods-PupCare/Pods-PupCare-frameworks.sh\"\n";
			showEnvVarsInLog = 0;
		};
		3F249DE335038DD01C322263 /* [CP] Check Pods Manifest.lock */ = {
			isa = PBXShellScriptBuildPhase;
			buildActionMask = 2147483647;
			files = (
			);
			inputPaths = (
			);
			name = "[CP] Check Pods Manifest.lock";
			outputPaths = (
			);
			runOnlyForDeploymentPostprocessing = 0;
			shellPath = /bin/sh;
			shellScript = "diff \"${PODS_ROOT}/../Podfile.lock\" \"${PODS_ROOT}/Manifest.lock\" > /dev/null\nif [[ $? != 0 ]] ; then\n    cat << EOM\nerror: The sandbox is not in sync with the Podfile.lock. Run 'pod install' or update your CocoaPods installation.\nEOM\n    exit 1\nfi\n";
			showEnvVarsInLog = 0;
		};
		4B94C060601FB9767DD79E2A /* 📦 Copy Pods Resources */ = {
			isa = PBXShellScriptBuildPhase;
			buildActionMask = 2147483647;
			files = (
			);
			inputPaths = (
			);
			name = "📦 Copy Pods Resources";
			outputPaths = (
			);
			runOnlyForDeploymentPostprocessing = 0;
			shellPath = /bin/sh;
			shellScript = "\"${SRCROOT}/Pods/Target Support Files/Pods-PupCare/Pods-PupCare-resources.sh\"\n";
			showEnvVarsInLog = 0;
		};
		4D7AE4B83FFB1BFCD396E950 /* [CP] Embed Pods Frameworks */ = {
			isa = PBXShellScriptBuildPhase;
			buildActionMask = 2147483647;
			files = (
			);
			inputPaths = (
			);
			name = "[CP] Embed Pods Frameworks";
			outputPaths = (
			);
			runOnlyForDeploymentPostprocessing = 0;
			shellPath = /bin/sh;
			shellScript = "\"${SRCROOT}/Pods/Target Support Files/Pods-PupCareTests/Pods-PupCareTests-frameworks.sh\"\n";
			showEnvVarsInLog = 0;
		};
		4F5E67E3554E5E14D34C3903 /* 📦 Check Pods Manifest.lock */ = {
			isa = PBXShellScriptBuildPhase;
			buildActionMask = 2147483647;
			files = (
			);
			inputPaths = (
			);
			name = "📦 Check Pods Manifest.lock";
			outputPaths = (
			);
			runOnlyForDeploymentPostprocessing = 0;
			shellPath = /bin/sh;
			shellScript = "diff \"${PODS_ROOT}/../Podfile.lock\" \"${PODS_ROOT}/Manifest.lock\" > /dev/null\nif [[ $? != 0 ]] ; then\n    cat << EOM\nerror: The sandbox is not in sync with the Podfile.lock. Run 'pod install' or update your CocoaPods installation.\nEOM\n    exit 1\nfi\n";
			showEnvVarsInLog = 0;
		};
		6B2E87756D21FC8401E93068 /* 📦 Embed Pods Frameworks */ = {
			isa = PBXShellScriptBuildPhase;
			buildActionMask = 2147483647;
			files = (
			);
			inputPaths = (
			);
			name = "📦 Embed Pods Frameworks";
			outputPaths = (
			);
			runOnlyForDeploymentPostprocessing = 0;
			shellPath = /bin/sh;
			shellScript = "\"${SRCROOT}/Pods/Target Support Files/Pods-PupCareTests/Pods-PupCareTests-frameworks.sh\"\n";
			showEnvVarsInLog = 0;
		};
		6FD4D5EEE2C1A8F7C954863A /* [CP] Check Pods Manifest.lock */ = {
			isa = PBXShellScriptBuildPhase;
			buildActionMask = 2147483647;
			files = (
			);
			inputPaths = (
			);
			name = "[CP] Check Pods Manifest.lock";
			outputPaths = (
			);
			runOnlyForDeploymentPostprocessing = 0;
			shellPath = /bin/sh;
			shellScript = "diff \"${PODS_ROOT}/../Podfile.lock\" \"${PODS_ROOT}/Manifest.lock\" > /dev/null\nif [[ $? != 0 ]] ; then\n    cat << EOM\nerror: The sandbox is not in sync with the Podfile.lock. Run 'pod install' or update your CocoaPods installation.\nEOM\n    exit 1\nfi\n";
			showEnvVarsInLog = 0;
		};
		73B83D64EABFE2ED0EC21EE4 /* [CP] Check Pods Manifest.lock */ = {
			isa = PBXShellScriptBuildPhase;
			buildActionMask = 2147483647;
			files = (
			);
			inputPaths = (
			);
			name = "[CP] Check Pods Manifest.lock";
			outputPaths = (
			);
			runOnlyForDeploymentPostprocessing = 0;
			shellPath = /bin/sh;
			shellScript = "diff \"${PODS_ROOT}/../Podfile.lock\" \"${PODS_ROOT}/Manifest.lock\" > /dev/null\nif [[ $? != 0 ]] ; then\n    cat << EOM\nerror: The sandbox is not in sync with the Podfile.lock. Run 'pod install' or update your CocoaPods installation.\nEOM\n    exit 1\nfi\n";
			showEnvVarsInLog = 0;
		};
		78739C84F840103B85F61317 /* 📦 Check Pods Manifest.lock */ = {
			isa = PBXShellScriptBuildPhase;
			buildActionMask = 2147483647;
			files = (
			);
			inputPaths = (
			);
			name = "📦 Check Pods Manifest.lock";
			outputPaths = (
			);
			runOnlyForDeploymentPostprocessing = 0;
			shellPath = /bin/sh;
			shellScript = "diff \"${PODS_ROOT}/../Podfile.lock\" \"${PODS_ROOT}/Manifest.lock\" > /dev/null\nif [[ $? != 0 ]] ; then\n    cat << EOM\nerror: The sandbox is not in sync with the Podfile.lock. Run 'pod install' or update your CocoaPods installation.\nEOM\n    exit 1\nfi\n";
			showEnvVarsInLog = 0;
		};
		9A84CD40ABCB224A98244A91 /* [CP] Check Pods Manifest.lock */ = {
			isa = PBXShellScriptBuildPhase;
			buildActionMask = 2147483647;
			files = (
			);
			inputPaths = (
			);
			name = "[CP] Check Pods Manifest.lock";
			outputPaths = (
			);
			runOnlyForDeploymentPostprocessing = 0;
			shellPath = /bin/sh;
			shellScript = "diff \"${PODS_ROOT}/../Podfile.lock\" \"${PODS_ROOT}/Manifest.lock\" > /dev/null\nif [[ $? != 0 ]] ; then\n    cat << EOM\nerror: The sandbox is not in sync with the Podfile.lock. Run 'pod install' or update your CocoaPods installation.\nEOM\n    exit 1\nfi\n";
			showEnvVarsInLog = 0;
		};
		A969FF7230CFACE32F078662 /* 📦 Copy Pods Resources */ = {
			isa = PBXShellScriptBuildPhase;
			buildActionMask = 2147483647;
			files = (
			);
			inputPaths = (
			);
			name = "📦 Copy Pods Resources";
			outputPaths = (
			);
			runOnlyForDeploymentPostprocessing = 0;
			shellPath = /bin/sh;
			shellScript = "\"${SRCROOT}/Pods/Target Support Files/Pods-PupCareTests/Pods-PupCareTests-resources.sh\"\n";
			showEnvVarsInLog = 0;
		};
		AAA1E56ADF62DB5312F41510 /* [CP] Copy Pods Resources */ = {
			isa = PBXShellScriptBuildPhase;
			buildActionMask = 2147483647;
			files = (
			);
			inputPaths = (
			);
			name = "[CP] Copy Pods Resources";
			outputPaths = (
			);
			runOnlyForDeploymentPostprocessing = 0;
			shellPath = /bin/sh;
			shellScript = "\"${SRCROOT}/Pods/Target Support Files/Pods-PupCare/Pods-PupCare-resources.sh\"\n";
			showEnvVarsInLog = 0;
		};
		D58843189FCD4F578EB08070 /* [CP] Copy Pods Resources */ = {
			isa = PBXShellScriptBuildPhase;
			buildActionMask = 2147483647;
			files = (
			);
			inputPaths = (
			);
			name = "[CP] Copy Pods Resources";
			outputPaths = (
			);
			runOnlyForDeploymentPostprocessing = 0;
			shellPath = /bin/sh;
			shellScript = "\"${SRCROOT}/Pods/Target Support Files/Pods-PupCareTests/Pods-PupCareTests-resources.sh\"\n";
			showEnvVarsInLog = 0;
		};
		E55CB90DA334C769AB2F41A3 /* [CP] Check Pods Manifest.lock */ = {
			isa = PBXShellScriptBuildPhase;
			buildActionMask = 2147483647;
			files = (
			);
			inputPaths = (
			);
			name = "[CP] Check Pods Manifest.lock";
			outputPaths = (
			);
			runOnlyForDeploymentPostprocessing = 0;
			shellPath = /bin/sh;
			shellScript = "diff \"${PODS_ROOT}/../Podfile.lock\" \"${PODS_ROOT}/Manifest.lock\" > /dev/null\nif [[ $? != 0 ]] ; then\n    cat << EOM\nerror: The sandbox is not in sync with the Podfile.lock. Run 'pod install' or update your CocoaPods installation.\nEOM\n    exit 1\nfi\n";
			showEnvVarsInLog = 0;
		};
		EF1AA9539EC77E2CBF7FE417 /* [CP] Check Pods Manifest.lock */ = {
			isa = PBXShellScriptBuildPhase;
			buildActionMask = 2147483647;
			files = (
			);
			inputPaths = (
			);
			name = "[CP] Check Pods Manifest.lock";
			outputPaths = (
			);
			runOnlyForDeploymentPostprocessing = 0;
			shellPath = /bin/sh;
			shellScript = "diff \"${PODS_ROOT}/../Podfile.lock\" \"${PODS_ROOT}/Manifest.lock\" > /dev/null\nif [[ $? != 0 ]] ; then\n    cat << EOM\nerror: The sandbox is not in sync with the Podfile.lock. Run 'pod install' or update your CocoaPods installation.\nEOM\n    exit 1\nfi\n";
			showEnvVarsInLog = 0;
		};
		FAB16126395BA0690BB2B701 /* [CP] Check Pods Manifest.lock */ = {
			isa = PBXShellScriptBuildPhase;
			buildActionMask = 2147483647;
			files = (
			);
			inputPaths = (
			);
			name = "[CP] Check Pods Manifest.lock";
			outputPaths = (
			);
			runOnlyForDeploymentPostprocessing = 0;
			shellPath = /bin/sh;
			shellScript = "diff \"${PODS_ROOT}/../Podfile.lock\" \"${PODS_ROOT}/Manifest.lock\" > /dev/null\nif [[ $? != 0 ]] ; then\n    cat << EOM\nerror: The sandbox is not in sync with the Podfile.lock. Run 'pod install' or update your CocoaPods installation.\nEOM\n    exit 1\nfi\n";
			showEnvVarsInLog = 0;
		};
/* End PBXShellScriptBuildPhase section */

/* Begin PBXSourcesBuildPhase section */
		A475E3021D0A9B3A00FB66C3 /* Sources */ = {
			isa = PBXSourcesBuildPhase;
			buildActionMask = 2147483647;
			files = (
				7A7036F81D42A0CA005FAB68 /* AddressParseExtension.swift in Sources */,
				7A9E9B8A1D36CE9700AC978C /* SignUpViewController.swift in Sources */,
				A475E34A1D18545D00FB66C3 /* PetShopsViewController.swift in Sources */,
				A40B341F1D30270F00BCC240 /* Extensions.swift in Sources */,
				A440AF9B1D2AF2EC005B6CBC /* ProductManager.swift in Sources */,
				717247721D2C1BC600BD694D /* PetShopParseExtension.swift in Sources */,
				71BBC2561D25A89200194861 /* PetShopsTableViewCell.swift in Sources */,
				71AC43E01D4A7E3F00C9BD31 /* CartViewController.swift in Sources */,
				A475E3521D18569B00FB66C3 /* MainTabViewController.swift in Sources */,
				71C1B4441D2EB8A300CDDA20 /* Promotion.swift in Sources */,
				71C1B44C1D30062000CDDA20 /* PromotionManager.swift in Sources */,
				A43C9E971D36860100D6D0D8 /* User.swift in Sources */,
				A475E3501D1854D800FB66C3 /* PromotionsViewController.swift in Sources */,
				A42331C01D2ACE5400CFF8DA /* ProductParseExtension.swift in Sources */,
				A40B341B1D2C4C3D00BCC240 /* ProductTableViewController.swift in Sources */,
				A40B341D1D2ED50400BCC240 /* ProductHeaderTableViewCell.swift in Sources */,
				A475E34E1D18548900FB66C3 /* OrdersViewController.swift in Sources */,
				71C1B4481D2EC08000CDDA20 /* PromotionParseExtension.swift in Sources */,
				71ED9C111D26D42000DA14DA /* PetShop.swift in Sources */,
				A43C9E9B1D3688FA00D6D0D8 /* UserParseExtension.swift in Sources */,
				A400B4771D34324300051363 /* MyProfileViewController.swift in Sources */,
				71AC43E21D4A8A2D00C9BD31 /* CartTableViewCell.swift in Sources */,
				711760101D3FED08002452CA /* PromotionDetailsViewController.swift in Sources */,
				A49877151D4F7CFC00DD4F02 /* MonthYearPickerView.swift in Sources */,
				A475E3481D18535000FB66C3 /* InitialViewController.swift in Sources */,
				A420BBB51D46890E004F4C1B /* Card.swift in Sources */,
				A43C9E991D3688EA00D6D0D8 /* UserManager.swift in Sources */,
				A43C9E8C1D34416300D6D0D8 /* ProductDetailViewController.swift in Sources */,
				A42751A61D47E8BC00B083C6 /* AddCardViewController.swift in Sources */,
				7A7036FA1D4641D4005FAB68 /* AddressManager.swift in Sources */,
				71D722C81D47EE4800035392 /* Config.swift in Sources */,
				71C1B44A1D2ECEE700CDDA20 /* PromotionsTableViewCell.swift in Sources */,
				7A7036F41D429EF3005FAB68 /* Address.swift in Sources */,
				A43C9E901D3513E100D6D0D8 /* MyProfileTableViewCell.swift in Sources */,
				A4869DCF1D259DB60076EC37 /* Product.swift in Sources */,
				7118ED3E1D4BD901000CCB1E /* Cart.swift in Sources */,
				7117600B1D3FDDD8002452CA /* iCarousel.m in Sources */,
				715100761D341129003A6817 /* ParseManager.swift in Sources */,
				A4869DCD1D2595AB0076EC37 /* ProductTableViewCell.swift in Sources */,
				A42751A11D47E29E00B083C6 /* MyProfileCardTableViewCell.swift in Sources */,
				7A7036EB1D40117E005FAB68 /* SignInViewController.swift in Sources */,
				71C1B4461D2EB91300CDDA20 /* PetShopManager.swift in Sources */,
				7A37C7B21D37DB6300FBE13F /* Designables.swift in Sources */,
				7A37C7B41D38261D00FBE13F /* LoginViewController.swift in Sources */,
				A475E3461D1490AA00FB66C3 /* AppDelegate.swift in Sources */,
				A43C9E941D3682EB00D6D0D8 /* MyProfileDetailTableViewCell.swift in Sources */,
				A4CAA30C1D5CA9A10053EDEA /* MyProfileAddressTableViewCell.swift in Sources */,
				A475E3121D0A9B3A00FB66C3 /* PupCare.xcdatamodeld in Sources */,
			);
			runOnlyForDeploymentPostprocessing = 0;
		};
		A475E3191D0A9B3B00FB66C3 /* Sources */ = {
			isa = PBXSourcesBuildPhase;
			buildActionMask = 2147483647;
			files = (
				7A04ECB01D356BCA00270189 /* CloudCodeTests.swift in Sources */,
				A475E3221D0A9B3B00FB66C3 /* PupCareTests.swift in Sources */,
				715100771D341129003A6817 /* ParseManager.swift in Sources */,
			);
			runOnlyForDeploymentPostprocessing = 0;
		};
		A475E3241D0A9B3B00FB66C3 /* Sources */ = {
			isa = PBXSourcesBuildPhase;
			buildActionMask = 2147483647;
			files = (
				A475E32D1D0A9B3B00FB66C3 /* PupCareUITests.swift in Sources */,
			);
			runOnlyForDeploymentPostprocessing = 0;
		};
/* End PBXSourcesBuildPhase section */

/* Begin PBXTargetDependency section */
		A475E31F1D0A9B3B00FB66C3 /* PBXTargetDependency */ = {
			isa = PBXTargetDependency;
			target = A475E3051D0A9B3A00FB66C3 /* PupCare */;
			targetProxy = A475E31E1D0A9B3B00FB66C3 /* PBXContainerItemProxy */;
		};
		A475E32A1D0A9B3B00FB66C3 /* PBXTargetDependency */ = {
			isa = PBXTargetDependency;
			target = A475E3051D0A9B3A00FB66C3 /* PupCare */;
			targetProxy = A475E3291D0A9B3B00FB66C3 /* PBXContainerItemProxy */;
		};
/* End PBXTargetDependency section */

/* Begin PBXVariantGroup section */
		A475E30D1D0A9B3A00FB66C3 /* Main.storyboard */ = {
			isa = PBXVariantGroup;
			children = (
				A475E30E1D0A9B3A00FB66C3 /* Base */,
			);
			name = Main.storyboard;
			sourceTree = "<group>";
		};
		A475E3151D0A9B3A00FB66C3 /* LaunchScreen.storyboard */ = {
			isa = PBXVariantGroup;
			children = (
				A475E3161D0A9B3A00FB66C3 /* Base */,
			);
			name = LaunchScreen.storyboard;
			sourceTree = "<group>";
		};
/* End PBXVariantGroup section */

/* Begin XCBuildConfiguration section */
		A475E32F1D0A9B3B00FB66C3 /* Debug */ = {
			isa = XCBuildConfiguration;
			buildSettings = {
				ALWAYS_SEARCH_USER_PATHS = NO;
				CLANG_ANALYZER_NONNULL = YES;
				CLANG_CXX_LANGUAGE_STANDARD = "gnu++0x";
				CLANG_CXX_LIBRARY = "libc++";
				CLANG_ENABLE_MODULES = YES;
				CLANG_ENABLE_OBJC_ARC = YES;
				CLANG_WARN_BOOL_CONVERSION = YES;
				CLANG_WARN_CONSTANT_CONVERSION = YES;
				CLANG_WARN_DIRECT_OBJC_ISA_USAGE = YES_ERROR;
				CLANG_WARN_EMPTY_BODY = YES;
				CLANG_WARN_ENUM_CONVERSION = YES;
				CLANG_WARN_INT_CONVERSION = YES;
				CLANG_WARN_OBJC_ROOT_CLASS = YES_ERROR;
				CLANG_WARN_UNREACHABLE_CODE = YES;
				CLANG_WARN__DUPLICATE_METHOD_MATCH = YES;
				"CODE_SIGN_IDENTITY[sdk=iphoneos*]" = "iPhone Developer";
				COPY_PHASE_STRIP = NO;
				DEBUG_INFORMATION_FORMAT = dwarf;
				ENABLE_STRICT_OBJC_MSGSEND = YES;
				ENABLE_TESTABILITY = YES;
				GCC_C_LANGUAGE_STANDARD = gnu99;
				GCC_DYNAMIC_NO_PIC = NO;
				GCC_NO_COMMON_BLOCKS = YES;
				GCC_OPTIMIZATION_LEVEL = 0;
				GCC_PREPROCESSOR_DEFINITIONS = (
					"DEBUG=1",
					"$(inherited)",
				);
				GCC_WARN_64_TO_32_BIT_CONVERSION = YES;
				GCC_WARN_ABOUT_RETURN_TYPE = YES_ERROR;
				GCC_WARN_UNDECLARED_SELECTOR = YES;
				GCC_WARN_UNINITIALIZED_AUTOS = YES_AGGRESSIVE;
				GCC_WARN_UNUSED_FUNCTION = YES;
				GCC_WARN_UNUSED_VARIABLE = YES;
				IPHONEOS_DEPLOYMENT_TARGET = 9.3;
				MTL_ENABLE_DEBUG_INFO = YES;
				ONLY_ACTIVE_ARCH = YES;
				SDKROOT = iphoneos;
				SWIFT_OBJC_BRIDGING_HEADER = "PupCare/Model/PupCare-Bridging-Header.h";
				SWIFT_OPTIMIZATION_LEVEL = "-Onone";
				TARGETED_DEVICE_FAMILY = "1,2";
			};
			name = Debug;
		};
		A475E3301D0A9B3B00FB66C3 /* Release */ = {
			isa = XCBuildConfiguration;
			buildSettings = {
				ALWAYS_SEARCH_USER_PATHS = NO;
				CLANG_ANALYZER_NONNULL = YES;
				CLANG_CXX_LANGUAGE_STANDARD = "gnu++0x";
				CLANG_CXX_LIBRARY = "libc++";
				CLANG_ENABLE_MODULES = YES;
				CLANG_ENABLE_OBJC_ARC = YES;
				CLANG_WARN_BOOL_CONVERSION = YES;
				CLANG_WARN_CONSTANT_CONVERSION = YES;
				CLANG_WARN_DIRECT_OBJC_ISA_USAGE = YES_ERROR;
				CLANG_WARN_EMPTY_BODY = YES;
				CLANG_WARN_ENUM_CONVERSION = YES;
				CLANG_WARN_INT_CONVERSION = YES;
				CLANG_WARN_OBJC_ROOT_CLASS = YES_ERROR;
				CLANG_WARN_UNREACHABLE_CODE = YES;
				CLANG_WARN__DUPLICATE_METHOD_MATCH = YES;
				"CODE_SIGN_IDENTITY[sdk=iphoneos*]" = "iPhone Developer";
				COPY_PHASE_STRIP = NO;
				DEBUG_INFORMATION_FORMAT = "dwarf-with-dsym";
				ENABLE_NS_ASSERTIONS = NO;
				ENABLE_STRICT_OBJC_MSGSEND = YES;
				GCC_C_LANGUAGE_STANDARD = gnu99;
				GCC_NO_COMMON_BLOCKS = YES;
				GCC_WARN_64_TO_32_BIT_CONVERSION = YES;
				GCC_WARN_ABOUT_RETURN_TYPE = YES_ERROR;
				GCC_WARN_UNDECLARED_SELECTOR = YES;
				GCC_WARN_UNINITIALIZED_AUTOS = YES_AGGRESSIVE;
				GCC_WARN_UNUSED_FUNCTION = YES;
				GCC_WARN_UNUSED_VARIABLE = YES;
				IPHONEOS_DEPLOYMENT_TARGET = 9.3;
				MTL_ENABLE_DEBUG_INFO = NO;
				SDKROOT = iphoneos;
				SWIFT_OBJC_BRIDGING_HEADER = "PupCare/Model/PupCare-Bridging-Header.h";
				TARGETED_DEVICE_FAMILY = "1,2";
				VALIDATE_PRODUCT = YES;
			};
			name = Release;
		};
		A475E3321D0A9B3B00FB66C3 /* Debug */ = {
			isa = XCBuildConfiguration;
			baseConfigurationReference = 3AB0AC7D08F3CCBE82BDDF13 /* Pods-PupCare.debug.xcconfig */;
			buildSettings = {
				ASSETCATALOG_COMPILER_APPICON_NAME = AppIcon;
				INFOPLIST_FILE = PupCare/Info.plist;
				IPHONEOS_DEPLOYMENT_TARGET = 9.0;
				LD_RUNPATH_SEARCH_PATHS = "$(inherited) @executable_path/Frameworks";
				PRODUCT_BUNDLE_IDENTIFIER = com.pupcare.PupCare;
				PRODUCT_NAME = "$(TARGET_NAME)";
				SWIFT_OBJC_BRIDGING_HEADER = "./PupCare/Model/PupCare-Bridging-Header.h";
			};
			name = Debug;
		};
		A475E3331D0A9B3B00FB66C3 /* Release */ = {
			isa = XCBuildConfiguration;
			baseConfigurationReference = 0493F2875AEB302E7CCF3B2B /* Pods-PupCare.release.xcconfig */;
			buildSettings = {
				ASSETCATALOG_COMPILER_APPICON_NAME = AppIcon;
				INFOPLIST_FILE = PupCare/Info.plist;
				IPHONEOS_DEPLOYMENT_TARGET = 9.0;
				LD_RUNPATH_SEARCH_PATHS = "$(inherited) @executable_path/Frameworks";
				PRODUCT_BUNDLE_IDENTIFIER = com.pupcare.PupCare;
				PRODUCT_NAME = "$(TARGET_NAME)";
				SWIFT_OBJC_BRIDGING_HEADER = "./PupCare/Model/PupCare-Bridging-Header.h";
			};
			name = Release;
		};
		A475E3351D0A9B3B00FB66C3 /* Debug */ = {
			isa = XCBuildConfiguration;
			baseConfigurationReference = 8744664412D2A7E02501B9E5 /* Pods-PupCareTests.debug.xcconfig */;
			buildSettings = {
				BUNDLE_LOADER = "$(TEST_HOST)";
				INFOPLIST_FILE = PupCareTests/Info.plist;
				LD_RUNPATH_SEARCH_PATHS = "$(inherited) @executable_path/Frameworks @loader_path/Frameworks";
				PRODUCT_BUNDLE_IDENTIFIER = com.pupcare.PupCareTests;
				PRODUCT_NAME = "$(TARGET_NAME)";
				TEST_HOST = "$(BUILT_PRODUCTS_DIR)/PupCare.app/PupCare";
			};
			name = Debug;
		};
		A475E3361D0A9B3B00FB66C3 /* Release */ = {
			isa = XCBuildConfiguration;
			baseConfigurationReference = DDD843DED49D52DA47654117 /* Pods-PupCareTests.release.xcconfig */;
			buildSettings = {
				BUNDLE_LOADER = "$(TEST_HOST)";
				INFOPLIST_FILE = PupCareTests/Info.plist;
				LD_RUNPATH_SEARCH_PATHS = "$(inherited) @executable_path/Frameworks @loader_path/Frameworks";
				PRODUCT_BUNDLE_IDENTIFIER = com.pupcare.PupCareTests;
				PRODUCT_NAME = "$(TARGET_NAME)";
				TEST_HOST = "$(BUILT_PRODUCTS_DIR)/PupCare.app/PupCare";
			};
			name = Release;
		};
		A475E3381D0A9B3B00FB66C3 /* Debug */ = {
			isa = XCBuildConfiguration;
			buildSettings = {
				INFOPLIST_FILE = PupCareUITests/Info.plist;
				LD_RUNPATH_SEARCH_PATHS = "$(inherited) @executable_path/Frameworks @loader_path/Frameworks";
				PRODUCT_BUNDLE_IDENTIFIER = com.pupcare.PupCareUITests;
				PRODUCT_NAME = "$(TARGET_NAME)";
				TEST_TARGET_NAME = PupCare;
			};
			name = Debug;
		};
		A475E3391D0A9B3B00FB66C3 /* Release */ = {
			isa = XCBuildConfiguration;
			buildSettings = {
				INFOPLIST_FILE = PupCareUITests/Info.plist;
				LD_RUNPATH_SEARCH_PATHS = "$(inherited) @executable_path/Frameworks @loader_path/Frameworks";
				PRODUCT_BUNDLE_IDENTIFIER = com.pupcare.PupCareUITests;
				PRODUCT_NAME = "$(TARGET_NAME)";
				TEST_TARGET_NAME = PupCare;
			};
			name = Release;
		};
/* End XCBuildConfiguration section */

/* Begin XCConfigurationList section */
		A475E3011D0A9B3A00FB66C3 /* Build configuration list for PBXProject "PupCare" */ = {
			isa = XCConfigurationList;
			buildConfigurations = (
				A475E32F1D0A9B3B00FB66C3 /* Debug */,
				A475E3301D0A9B3B00FB66C3 /* Release */,
			);
			defaultConfigurationIsVisible = 0;
			defaultConfigurationName = Release;
		};
		A475E3311D0A9B3B00FB66C3 /* Build configuration list for PBXNativeTarget "PupCare" */ = {
			isa = XCConfigurationList;
			buildConfigurations = (
				A475E3321D0A9B3B00FB66C3 /* Debug */,
				A475E3331D0A9B3B00FB66C3 /* Release */,
			);
			defaultConfigurationIsVisible = 0;
			defaultConfigurationName = Release;
		};
		A475E3341D0A9B3B00FB66C3 /* Build configuration list for PBXNativeTarget "PupCareTests" */ = {
			isa = XCConfigurationList;
			buildConfigurations = (
				A475E3351D0A9B3B00FB66C3 /* Debug */,
				A475E3361D0A9B3B00FB66C3 /* Release */,
			);
			defaultConfigurationIsVisible = 0;
			defaultConfigurationName = Release;
		};
		A475E3371D0A9B3B00FB66C3 /* Build configuration list for PBXNativeTarget "PupCareUITests" */ = {
			isa = XCConfigurationList;
			buildConfigurations = (
				A475E3381D0A9B3B00FB66C3 /* Debug */,
				A475E3391D0A9B3B00FB66C3 /* Release */,
			);
			defaultConfigurationIsVisible = 0;
			defaultConfigurationName = Release;
		};
/* End XCConfigurationList section */

/* Begin XCVersionGroup section */
		A475E3101D0A9B3A00FB66C3 /* PupCare.xcdatamodeld */ = {
			isa = XCVersionGroup;
			children = (
				A475E3111D0A9B3A00FB66C3 /* PupCare.xcdatamodel */,
			);
			currentVersion = A475E3111D0A9B3A00FB66C3 /* PupCare.xcdatamodel */;
			path = PupCare.xcdatamodeld;
			sourceTree = "<group>";
			versionGroupType = wrapper.xcdatamodel;
		};
/* End XCVersionGroup section */
	};
	rootObject = A475E2FE1D0A9B3A00FB66C3 /* Project object */;
}
